<Solution>
  <Project Path="Group8.FinalsFrenzy.Player.csproj" />
  <Project Path="Group8.FinalsFrenzy.Destruction.csproj" />
  <Project Path="Group8.FinalsFrenzy.Weapons.csproj" />
  <Project Path="Assembly-CSharp.csproj" />
  <Project Path="Group8.FinalsFrenzy.Utilities.csproj" />
  <Project Path="Group8.FinalsFrenzy.Input.csproj" />
  <Project Path="Group.FinalsFrenzy.Button.csproj" />
  <Project Path="Group8.FinalsFrenzy.Audio.csproj" />
  <Project Path="Group8.FinalsFrenzy.Shop.csproj" />
  <Project Path="Group8.FinalsFrenzy.Score.csproj" />
  <Project Path="Group8.FinalsFrenzy.Input.Editor.csproj" />
  <Project Path="Group8.FinalsFrenzy.Utilities.Editor.csproj" />
</Solution>
